
Microsoft Visual Studio Solution File, Format Version 10.00
# Visual Studio 2008
Project("{FAE04EC0-301F-11D3-BF4B-00C04F79EFBC}") = "Ymay-gipay-alkertay", "Ymay-gipay-alkertay\Ymay-gipay-alkertay.csproj", "{643C1D10-86B0-43A6-929A-06A77A45D142}"
EndProject
Global
	GlobalSection(SolutionConfigurationPlatforms) = preSolution
		Debug|Any CPU = Debug|Any CPU
		Release|Any CPU = Release|Any CPU
	EndGlobalSection
	GlobalSection(ProjectConfigurationPlatforms) = postSolution
		{643C1D10-86B0-43A6-929A-06A77A45D142}.Debug|Any CPU.ActiveCfg = Debug|Any CPU
		{643C1D10-86B0-43A6-929A-06A77A45D142}.Debug|Any CPU.Build.0 = Debug|Any CPU
		{643C1D10-86B0-43A6-929A-06A77A45D142}.Release|Any CPU.ActiveCfg = Release|Any CPU
		{643C1D10-86B0-43A6-929A-06A77A45D142}.Release|Any CPU.Build.0 = Release|Any CPU
	EndGlobalSection
	GlobalSection(SolutionProperties) = preSolution
		HideSolutionNode = FALSE
	EndGlobalSection
EndGlobal
